
Microsoft Visual Studio Solution File, Format Version 12.00
# Visual Studio Version 17
VisualStudioVersion = 17.6.33815.320
MinimumVisualStudioVersion = 10.0.40219.1
Project("{FAE04EC0-301F-11D3-BF4B-00C04F79EFBC}") = "hajoskviz1", "hajoskviz1\hajoskviz1.csproj", "{AA9ED8A5-AB78-4B9E-B275-92E293B19506}"
EndProject
Global
	GlobalSection(SolutionConfigurationPlatforms) = preSolution
		Debug|Any CPU = Debug|Any CPU
		Release|Any CPU = Release|Any CPU
	EndGlobalSection
	GlobalSection(ProjectConfigurationPlatforms) = postSolution
		{AA9ED8A5-AB78-4B9E-B275-92E293B19506}.Debug|Any CPU.ActiveCfg = Debug|Any CPU
		{AA9ED8A5-AB78-4B9E-B275-92E293B19506}.Debug|Any CPU.Build.0 = Debug|Any CPU
		{AA9ED8A5-AB78-4B9E-B275-92E293B19506}.Release|Any CPU.ActiveCfg = Release|Any CPU
		{AA9ED8A5-AB78-4B9E-B275-92E293B19506}.Release|Any CPU.Build.0 = Release|Any CPU
	EndGlobalSection
	GlobalSection(SolutionProperties) = preSolution
		HideSolutionNode = FALSE
	EndGlobalSection
	GlobalSection(ExtensibilityGlobals) = postSolution
		SolutionGuid = {312D0344-A71A-4CA1-8785-BF801253F617}
	EndGlobalSection
EndGlobal
